
Microsoft Visual Studio Solution File, Format Version 12.00
# Visual Studio Version 16
VisualStudioVersion = 16.0.30804.86
MinimumVisualStudioVersion = 10.0.40219.1
Project("{FAE04EC0-301F-11D3-BF4B-00C04F79EFBC}") = "TestDynamicsData.Android", "TestDynamicsData\TestDynamicsData.Android\TestDynamicsData.Android.csproj", "{C82A0CA9-2DB5-4A14-B682-13DB6749FD4E}"
EndProject
Project("{FAE04EC0-301F-11D3-BF4B-00C04F79EFBC}") = "TestDynamicsData.iOS", "TestDynamicsData\TestDynamicsData.iOS\TestDynamicsData.iOS.csproj", "{EA8D2E2C-35E1-4284-A83B-40B5FEA84BE4}"
EndProject
Project("{FAE04EC0-301F-11D3-BF4B-00C04F79EFBC}") = "TestDynamicsData", "TestDynamicsData\TestDynamicsData\TestDynamicsData.csproj", "{E2F0C4E5-4871-4876-8267-CF7E22932775}"
EndProject
Global
	GlobalSection(SolutionConfigurationPlatforms) = preSolution
		Debug|Any CPU = Debug|Any CPU
		Debug|iPhone = Debug|iPhone
		Debug|iPhoneSimulator = Debug|iPhoneSimulator
		Release|Any CPU = Release|Any CPU
		Release|iPhone = Release|iPhone
		Release|iPhoneSimulator = Release|iPhoneSimulator
	EndGlobalSection
	GlobalSection(ProjectConfigurationPlatforms) = postSolution
		{C82A0CA9-2DB5-4A14-B682-13DB6749FD4E}.Debug|Any CPU.ActiveCfg = Debug|Any CPU
		{C82A0CA9-2DB5-4A14-B682-13DB6749FD4E}.Debug|Any CPU.Build.0 = Debug|Any CPU
		{C82A0CA9-2DB5-4A14-B682-13DB6749FD4E}.Debug|Any CPU.Deploy.0 = Debug|Any CPU
		{C82A0CA9-2DB5-4A14-B682-13DB6749FD4E}.Debug|iPhone.ActiveCfg = Debug|Any CPU
		{C82A0CA9-2DB5-4A14-B682-13DB6749FD4E}.Debug|iPhone.Build.0 = Debug|Any CPU
		{C82A0CA9-2DB5-4A14-B682-13DB6749FD4E}.Debug|iPhone.Deploy.0 = Debug|Any CPU
		{C82A0CA9-2DB5-4A14-B682-13DB6749FD4E}.Debug|iPhoneSimulator.ActiveCfg = Debug|Any CPU
		{C82A0CA9-2DB5-4A14-B682-13DB6749FD4E}.Debug|iPhoneSimulator.Build.0 = Debug|Any CPU
		{C82A0CA9-2DB5-4A14-B682-13DB6749FD4E}.Debug|iPhoneSimulator.Deploy.0 = Debug|Any CPU
		{C82A0CA9-2DB5-4A14-B682-13DB6749FD4E}.Release|Any CPU.ActiveCfg = Release|Any CPU
		{C82A0CA9-2DB5-4A14-B682-13DB6749FD4E}.Release|Any CPU.Build.0 = Release|Any CPU
		{C82A0CA9-2DB5-4A14-B682-13DB6749FD4E}.Release|Any CPU.Deploy.0 = Release|Any CPU
		{C82A0CA9-2DB5-4A14-B682-13DB6749FD4E}.Release|iPhone.ActiveCfg = Release|Any CPU
		{C82A0CA9-2DB5-4A14-B682-13DB6749FD4E}.Release|iPhone.Build.0 = Release|Any CPU
		{C82A0CA9-2DB5-4A14-B682-13DB6749FD4E}.Release|iPhone.Deploy.0 = Release|Any CPU
		{C82A0CA9-2DB5-4A14-B682-13DB6749FD4E}.Release|iPhoneSimulator.ActiveCfg = Release|Any CPU
		{C82A0CA9-2DB5-4A14-B682-13DB6749FD4E}.Release|iPhoneSimulator.Build.0 = Release|Any CPU
		{C82A0CA9-2DB5-4A14-B682-13DB6749FD4E}.Release|iPhoneSimulator.Deploy.0 = Release|Any CPU
		{EA8D2E2C-35E1-4284-A83B-40B5FEA84BE4}.Debug|Any CPU.ActiveCfg = Debug|iPhone
		{EA8D2E2C-35E1-4284-A83B-40B5FEA84BE4}.Debug|Any CPU.Build.0 = Debug|iPhone
		{EA8D2E2C-35E1-4284-A83B-40B5FEA84BE4}.Debug|Any CPU.Deploy.0 = Debug|iPhone
		{EA8D2E2C-35E1-4284-A83B-40B5FEA84BE4}.Debug|iPhone.ActiveCfg = Debug|iPhone
		{EA8D2E2C-35E1-4284-A83B-40B5FEA84BE4}.Debug|iPhone.Build.0 = Debug|iPhone
		{EA8D2E2C-35E1-4284-A83B-40B5FEA84BE4}.Debug|iPhone.Deploy.0 = Debug|iPhone
		{EA8D2E2C-35E1-4284-A83B-40B5FEA84BE4}.Debug|iPhoneSimulator.ActiveCfg = Debug|iPhoneSimulator
		{EA8D2E2C-35E1-4284-A83B-40B5FEA84BE4}.Debug|iPhoneSimulator.Build.0 = Debug|iPhoneSimulator
		{EA8D2E2C-35E1-4284-A83B-40B5FEA84BE4}.Debug|iPhoneSimulator.Deploy.0 = Debug|iPhoneSimulator
		{EA8D2E2C-35E1-4284-A83B-40B5FEA84BE4}.Release|Any CPU.ActiveCfg = Release|iPhoneSimulator
		{EA8D2E2C-35E1-4284-A83B-40B5FEA84BE4}.Release|Any CPU.Build.0 = Release|iPhoneSimulator
		{EA8D2E2C-35E1-4284-A83B-40B5FEA84BE4}.Release|Any CPU.Deploy.0 = Release|iPhoneSimulator
		{EA8D2E2C-35E1-4284-A83B-40B5FEA84BE4}.Release|iPhone.ActiveCfg = Release|iPhone
		{EA8D2E2C-35E1-4284-A83B-40B5FEA84BE4}.Release|iPhone.Build.0 = Release|iPhone
		{EA8D2E2C-35E1-4284-A83B-40B5FEA84BE4}.Release|iPhone.Deploy.0 = Release|iPhone
		{EA8D2E2C-35E1-4284-A83B-40B5FEA84BE4}.Release|iPhoneSimulator.ActiveCfg = Release|iPhoneSimulator
		{EA8D2E2C-35E1-4284-A83B-40B5FEA84BE4}.Release|iPhoneSimulator.Build.0 = Release|iPhoneSimulator
		{EA8D2E2C-35E1-4284-A83B-40B5FEA84BE4}.Release|iPhoneSimulator.Deploy.0 = Release|iPhoneSimulator
		{E2F0C4E5-4871-4876-8267-CF7E22932775}.Debug|Any CPU.ActiveCfg = Debug|Any CPU
		{E2F0C4E5-4871-4876-8267-CF7E22932775}.Debug|Any CPU.Build.0 = Debug|Any CPU
		{E2F0C4E5-4871-4876-8267-CF7E22932775}.Debug|Any CPU.Deploy.0 = Debug|Any CPU
		{E2F0C4E5-4871-4876-8267-CF7E22932775}.Debug|iPhone.ActiveCfg = Debug|Any CPU
		{E2F0C4E5-4871-4876-8267-CF7E22932775}.Debug|iPhone.Build.0 = Debug|Any CPU
		{E2F0C4E5-4871-4876-8267-CF7E22932775}.Debug|iPhone.Deploy.0 = Debug|Any CPU
		{E2F0C4E5-4871-4876-8267-CF7E22932775}.Debug|iPhoneSimulator.ActiveCfg = Debug|Any CPU
		{E2F0C4E5-4871-4876-8267-CF7E22932775}.Debug|iPhoneSimulator.Build.0 = Debug|Any CPU
		{E2F0C4E5-4871-4876-8267-CF7E22932775}.Debug|iPhoneSimulator.Deploy.0 = Debug|Any CPU
		{E2F0C4E5-4871-4876-8267-CF7E22932775}.Release|Any CPU.ActiveCfg = Release|Any CPU
		{E2F0C4E5-4871-4876-8267-CF7E22932775}.Release|Any CPU.Build.0 = Release|Any CPU
		{E2F0C4E5-4871-4876-8267-CF7E22932775}.Release|Any CPU.Deploy.0 = Release|Any CPU
		{E2F0C4E5-4871-4876-8267-CF7E22932775}.Release|iPhone.ActiveCfg = Release|Any CPU
		{E2F0C4E5-4871-4876-8267-CF7E22932775}.Release|iPhone.Build.0 = Release|Any CPU
		{E2F0C4E5-4871-4876-8267-CF7E22932775}.Release|iPhone.Deploy.0 = Release|Any CPU
		{E2F0C4E5-4871-4876-8267-CF7E22932775}.Release|iPhoneSimulator.ActiveCfg = Release|Any CPU
		{E2F0C4E5-4871-4876-8267-CF7E22932775}.Release|iPhoneSimulator.Build.0 = Release|Any CPU
		{E2F0C4E5-4871-4876-8267-CF7E22932775}.Release|iPhoneSimulator.Deploy.0 = Release|Any CPU
	EndGlobalSection
	GlobalSection(SolutionProperties) = preSolution
		HideSolutionNode = FALSE
	EndGlobalSection
	GlobalSection(ExtensibilityGlobals) = postSolution
		SolutionGuid = {51D2F008-4FC8-475D-BBD5-D3BF6BB223F8}
	EndGlobalSection
EndGlobal
